
Microsoft Visual Studio Solution File, Format Version 12.00
# Visual Studio 14
VisualStudioVersion = 14.0.23107.0
MinimumVisualStudioVersion = 10.0.40219.1
Project("{FAE04EC0-301F-11D3-BF4B-00C04F79EFBC}") = "QuestionTen", "QuestionTen\QuestionTen.csproj", "{C8D52C00-A7A0-4131-8BBD-A7046DC5DFDF}"
EndProject
Global
	GlobalSection(SolutionConfigurationPlatforms) = preSolution
		Debug|Any CPU = Debug|Any CPU
		Release|Any CPU = Release|Any CPU
	EndGlobalSection
	GlobalSection(ProjectConfigurationPlatforms) = postSolution
		{C8D52C00-A7A0-4131-8BBD-A7046DC5DFDF}.Debug|Any CPU.ActiveCfg = Debug|Any CPU
		{C8D52C00-A7A0-4131-8BBD-A7046DC5DFDF}.Debug|Any CPU.Build.0 = Debug|Any CPU
		{C8D52C00-A7A0-4131-8BBD-A7046DC5DFDF}.Release|Any CPU.ActiveCfg = Release|Any CPU
		{C8D52C00-A7A0-4131-8BBD-A7046DC5DFDF}.Release|Any CPU.Build.0 = Release|Any CPU
	EndGlobalSection
	GlobalSection(SolutionProperties) = preSolution
		HideSolutionNode = FALSE
	EndGlobalSection
EndGlobal
