
Microsoft Visual Studio Solution File, Format Version 12.00
# Visual Studio 14
VisualStudioVersion = 14.0.23107.0
MinimumVisualStudioVersion = 10.0.40219.1
Project("{FAE04EC0-301F-11D3-BF4B-00C04F79EFBC}") = "QuestionFourteen", "QuestionFourteen\QuestionFourteen.csproj", "{A25B55F8-C045-4370-BF59-C49C7B495ACE}"
EndProject
Global
	GlobalSection(SolutionConfigurationPlatforms) = preSolution
		Debug|Any CPU = Debug|Any CPU
		Release|Any CPU = Release|Any CPU
	EndGlobalSection
	GlobalSection(ProjectConfigurationPlatforms) = postSolution
		{A25B55F8-C045-4370-BF59-C49C7B495ACE}.Debug|Any CPU.ActiveCfg = Debug|Any CPU
		{A25B55F8-C045-4370-BF59-C49C7B495ACE}.Debug|Any CPU.Build.0 = Debug|Any CPU
		{A25B55F8-C045-4370-BF59-C49C7B495ACE}.Release|Any CPU.ActiveCfg = Release|Any CPU
		{A25B55F8-C045-4370-BF59-C49C7B495ACE}.Release|Any CPU.Build.0 = Release|Any CPU
	EndGlobalSection
	GlobalSection(SolutionProperties) = preSolution
		HideSolutionNode = FALSE
	EndGlobalSection
EndGlobal
